// !$*UTF8*$!
{
	archiveVersion = 1;
	classes = {
	};
	objectVersion = 50;
	objects = {

/* Begin PBXBuildFile section */
		7A59CF53227798B400EEEC9A /* AppDelegate.swift in Sources */ = {isa = PBXBuildFile; fileRef = 7A59CF52227798B400EEEC9A /* AppDelegate.swift */; };
		7A59CF55227798B400EEEC9A /* ViewController.swift in Sources */ = {isa = PBXBuildFile; fileRef = 7A59CF54227798B400EEEC9A /* ViewController.swift */; };
		7A59CF58227798B400EEEC9A /* Main.storyboard in Resources */ = {isa = PBXBuildFile; fileRef = 7A59CF56227798B400EEEC9A /* Main.storyboard */; };
		7A59CF5B227798B400EEEC9A /* CoreDataDeleteOnReassignment.xcdatamodeld in Sources */ = {isa = PBXBuildFile; fileRef = 7A59CF59227798B400EEEC9A /* CoreDataDeleteOnReassignment.xcdatamodeld */; };
		7A59CF5D227798B600EEEC9A /* Assets.xcassets in Resources */ = {isa = PBXBuildFile; fileRef = 7A59CF5C227798B600EEEC9A /* Assets.xcassets */; };
		7A59CF60227798B600EEEC9A /* LaunchScreen.storyboard in Resources */ = {isa = PBXBuildFile; fileRef = 7A59CF5E227798B600EEEC9A /* LaunchScreen.storyboard */; };
/* End PBXBuildFile section */

/* Begin PBXFileReference section */
		7A59CF4F227798B400EEEC9A /* CoreDataDeleteOnReassignment.app */ = {isa = PBXFileReference; explicitFileType = wrapper.application; includeInIndex = 0; path = CoreDataDeleteOnReassignment.app; sourceTree = BUILT_PRODUCTS_DIR; };
		7A59CF52227798B400EEEC9A /* AppDelegate.swift */ = {isa = PBXFileReference; lastKnownFileType = sourcecode.swift; path = AppDelegate.swift; sourceTree = "<group>"; };
		7A59CF54227798B400EEEC9A /* ViewController.swift */ = {isa = PBXFileReference; lastKnownFileType = sourcecode.swift; path = ViewController.swift; sourceTree = "<group>"; };
		7A59CF57227798B400EEEC9A /* Base */ = {isa = PBXFileReference; lastKnownFileType = file.storyboard; name = Base; path = Base.lproj/Main.storyboard; sourceTree = "<group>"; };
		7A59CF5A227798B400EEEC9A /* CoreDataDeleteOnReassignment.xcdatamodel */ = {isa = PBXFileReference; lastKnownFileType = wrapper.xcdatamodel; path = CoreDataDeleteOnReassignment.xcdatamodel; sourceTree = "<group>"; };
		7A59CF5C227798B600EEEC9A /* Assets.xcassets */ = {isa = PBXFileReference; lastKnownFileType = folder.assetcatalog; path = Assets.xcassets; sourceTree = "<group>"; };
		7A59CF5F227798B600EEEC9A /* Base */ = {isa = PBXFileReference; lastKnownFileType = file.storyboard; name = Base; path = Base.lproj/LaunchScreen.storyboard; sourceTree = "<group>"; };
		7A59CF61227798B600EEEC9A /* Info.plist */ = {isa = PBXFileReference; lastKnownFileType = text.plist.xml; path = Info.plist; sourceTree = "<group>"; };
/* End PBXFileReference section */

/* Begin PBXFrameworksBuildPhase section */
		7A59CF4C227798B400EEEC9A /* Frameworks */ = {
			isa = PBXFrameworksBuildPhase;
			buildActionMask = 2147483647;
			files = (
			);
			runOnlyForDeploymentPostprocessing = 0;
		};
/* End PBXFrameworksBuildPhase section */

/* Begin PBXGroup section */
		7A59CF46227798B400EEEC9A = {
			isa = PBXGroup;
			children = (
				7A59CF51227798B400EEEC9A /* CoreDataDeleteOnReassignment */,
				7A59CF50227798B400EEEC9A /* Products */,
			);
			sourceTree = "<group>";
		};
		7A59CF50227798B400EEEC9A /* Products */ = {
			isa = PBXGroup;
			children = (
				7A59CF4F227798B400EEEC9A /* CoreDataDeleteOnReassignment.app */,
			);
			name = Products;
			sourceTree = "<group>";
		};
		7A59CF51227798B400EEEC9A /* CoreDataDeleteOnReassignment */ = {
			isa = PBXGroup;
			children = (
				7A59CF52227798B400EEEC9A /* AppDelegate.swift */,
				7A59CF54227798B400EEEC9A /* ViewController.swift */,
				7A59CF56227798B400EEEC9A /* Main.storyboard */,
				7A59CF5C227798B600EEEC9A /* Assets.xcassets */,
				7A59CF5E227798B600EEEC9A /* LaunchScreen.storyboard */,
				7A59CF61227798B600EEEC9A /* Info.plist */,
				7A59CF59227798B400EEEC9A /* CoreDataDeleteOnReassignment.xcdatamodeld */,
			);
			path = CoreDataDeleteOnReassignment;
			sourceTree = "<group>";
		};
/* End PBXGroup section */

/* Begin PBXNativeTarget section */
		7A59CF4E227798B400EEEC9A /* CoreDataDeleteOnReassignment */ = {
			isa = PBXNativeTarget;
			buildConfigurationList = 7A59CF64227798B600EEEC9A /* Build configuration list for PBXNativeTarget "CoreDataDeleteOnReassignment" */;
			buildPhases = (
				7A59CF4B227798B400EEEC9A /* Sources */,
				7A59CF4C227798B400EEEC9A /* Frameworks */,
				7A59CF4D227798B400EEEC9A /* Resources */,
			);
			buildRules = (
			);
			dependencies = (
			);
			name = CoreDataDeleteOnReassignment;
			productName = CoreDataDeleteOnReassignment;
			productReference = 7A59CF4F227798B400EEEC9A /* CoreDataDeleteOnReassignment.app */;
			productType = "com.apple.product-type.application";
		};
/* End PBXNativeTarget section */

/* Begin PBXProject section */
		7A59CF47227798B400EEEC9A /* Project object */ = {
			isa = PBXProject;
			attributes = {
				LastSwiftUpdateCheck = 1020;
				LastUpgradeCheck = 1020;
				ORGANIZATIONNAME = "Natalia Harateh";
				TargetAttributes = {
					7A59CF4E227798B400EEEC9A = {
						CreatedOnToolsVersion = 10.2;
					};
				};
			};
			buildConfigurationList = 7A59CF4A227798B400EEEC9A /* Build configuration list for PBXProject "CoreDataDeleteOnReassignment" */;
			compatibilityVersion = "Xcode 9.3";
			developmentRegion = en;
			hasScannedForEncodings = 0;
			knownRegions = (
				en,
				Base,
			);
			mainGroup = 7A59CF46227798B400EEEC9A;
			productRefGroup = 7A59CF50227798B400EEEC9A /* Products */;
			projectDirPath = "";
			projectRoot = "";
			targets = (
				7A59CF4E227798B400EEEC9A /* CoreDataDeleteOnReassignment */,
			);
		};
/* End PBXProject section */

/* Begin PBXResourcesBuildPhase section */
		7A59CF4D227798B400EEEC9A /* Resources */ = {
			isa = PBXResourcesBuildPhase;
			buildActionMask = 2147483647;
			files = (
				7A59CF60227798B600EEEC9A /* LaunchScreen.storyboard in Resources */,
				7A59CF5D227798B600EEEC9A /* Assets.xcassets in Resources */,
				7A59CF58227798B400EEEC9A /* Main.storyboard in Resources */,
			);
			runOnlyForDeploymentPostprocessing = 0;
		};
/* End PBXResourcesBuildPhase section */

/* Begin PBXSourcesBuildPhase section */
		7A59CF4B227798B400EEEC9A /* Sources */ = {
			isa = PBXSourcesBuildPhase;
			buildActionMask = 2147483647;
			files = (
				7A59CF55227798B400EEEC9A /* ViewController.swift in Sources */,
				7A59CF5B227798B400EEEC9A /* CoreDataDeleteOnReassignment.xcdatamodeld in Sources */,
				7A59CF53227798B400EEEC9A /* AppDelegate.swift in Sources */,
			);
			runOnlyForDeploymentPostprocessing = 0;
		};
/* End PBXSourcesBuildPhase section */

/* Begin PBXVariantGroup section */
		7A59CF56227798B400EEEC9A /* Main.storyboard */ = {
			isa = PBXVariantGroup;
			children = (
				7A59CF57227798B400EEEC9A /* Base */,
			);
			name = Main.storyboard;
			sourceTree = "<group>";
		};
		7A59CF5E227798B600EEEC9A /* LaunchScreen.storyboard */ = {
			isa = PBXVariantGroup;
			children = (
				7A59CF5F227798B600EEEC9A /* Base */,
			);
			name = LaunchScreen.storyboard;
			sourceTree = "<group>";
		};
/* End PBXVariantGroup section */

/* Begin XCBuildConfiguration section */
		7A59CF62227798B600EEEC9A /* Debug */ = {
			isa = XCBuildConfiguration;
			buildSettings = {
				ALWAYS_SEARCH_USER_PATHS = NO;
				CLANG_ANALYZER_NONNULL = YES;
				CLANG_ANALYZER_NUMBER_OBJECT_CONVERSION = YES_AGGRESSIVE;
				CLANG_CXX_LANGUAGE_STANDARD = "gnu++14";
				CLANG_CXX_LIBRARY = "libc++";
				CLANG_ENABLE_MODULES = YES;
				CLANG_ENABLE_OBJC_ARC = YES;
				CLANG_ENABLE_OBJC_WEAK = YES;
				CLANG_WARN_BLOCK_CAPTURE_AUTORELEASING = YES;
				CLANG_WARN_BOOL_CONVERSION = YES;
				CLANG_WARN_COMMA = YES;
				CLANG_WARN_CONSTANT_CONVERSION = YES;
				CLANG_WARN_DEPRECATED_OBJC_IMPLEMENTATIONS = YES;
				CLANG_WARN_DIRECT_OBJC_ISA_USAGE = YES_ERROR;
				CLANG_WARN_DOCUMENTATION_COMMENTS = YES;
				CLANG_WARN_EMPTY_BODY = YES;
				CLANG_WARN_ENUM_CONVERSION = YES;
				CLANG_WARN_INFINITE_RECURSION = YES;
				CLANG_WARN_INT_CONVERSION = YES;
				CLANG_WARN_NON_LITERAL_NULL_CONVERSION = YES;
				CLANG_WARN_OBJC_IMPLICIT_RETAIN_SELF = YES;
				CLANG_WARN_OBJC_LITERAL_CONVERSION = YES;
				CLANG_WARN_OBJC_ROOT_CLASS = YES_ERROR;
				CLANG_WARN_RANGE_LOOP_ANALYSIS = YES;
				CLANG_WARN_STRICT_PROTOTYPES = YES;
				CLANG_WARN_SUSPICIOUS_MOVE = YES;
				CLANG_WARN_UNGUARDED_AVAILABILITY = YES_AGGRESSIVE;
				CLANG_WARN_UNREACHABLE_CODE = YES;
				CLANG_WARN__DUPLICATE_METHOD_MATCH = YES;
				CODE_SIGN_IDENTITY = "iPhone Developer";
				COPY_PHASE_STRIP = NO;
				DEBUG_INFORMATION_FORMAT = dwarf;
				ENABLE_STRICT_OBJC_MSGSEND = YES;
				ENABLE_TESTABILITY = YES;
				GCC_C_LANGUAGE_STANDARD = gnu11;
				GCC_DYNAMIC_NO_PIC = NO;
				GCC_NO_COMMON_BLOCKS = YES;
				GCC_OPTIMIZATION_LEVEL = 0;
				GCC_PREPROCESSOR_DEFINITIONS = (
					"DEBUG=1",
					"$(inherited)",
				);
				GCC_WARN_64_TO_32_BIT_CONVERSION = YES;
				GCC_WARN_ABOUT_RETURN_TYPE = YES_ERROR;
				GCC_WARN_UNDECLARED_SELECTOR = YES;
				GCC_WARN_UNINITIALIZED_AUTOS = YES_AGGRESSIVE;
				GCC_WARN_UNUSED_FUNCTION = YES;
				GCC_WARN_UNUSED_VARIABLE = YES;
				IPHONEOS_DEPLOYMENT_TARGET = 12.2;
				MTL_ENABLE_DEBUG_INFO = INCLUDE_SOURCE;
				MTL_FAST_MATH = YES;
				ONLY_ACTIVE_ARCH = YES;
				SDKROOT = iphoneos;
				SWIFT_ACTIVE_COMPILATION_CONDITIONS = DEBUG;
				SWIFT_OPTIMIZATION_LEVEL = "-Onone";
			};
			name = Debug;
		};
		7A59CF63227798B600EEEC9A /* Release */ = {
			isa = XCBuildConfiguration;
			buildSettings = {
				ALWAYS_SEARCH_USER_PATHS = NO;
				CLANG_ANALYZER_NONNULL = YES;
				CLANG_ANALYZER_NUMBER_OBJECT_CONVERSION = YES_AGGRESSIVE;
				CLANG_CXX_LANGUAGE_STANDARD = "gnu++14";
				CLANG_CXX_LIBRARY = "libc++";
				CLANG_ENABLE_MODULES = YES;
				CLANG_ENABLE_OBJC_ARC = YES;
				CLANG_ENABLE_OBJC_WEAK = YES;
				CLANG_WARN_BLOCK_CAPTURE_AUTORELEASING = YES;
				CLANG_WARN_BOOL_CONVERSION = YES;
				CLANG_WARN_COMMA = YES;
				CLANG_WARN_CONSTANT_CONVERSION = YES;
				CLANG_WARN_DEPRECATED_OBJC_IMPLEMENTATIONS = YES;
				CLANG_WARN_DIRECT_OBJC_ISA_USAGE = YES_ERROR;
				CLANG_WARN_DOCUMENTATION_COMMENTS = YES;
				CLANG_WARN_EMPTY_BODY = YES;
				CLANG_WARN_ENUM_CONVERSION = YES;
				CLANG_WARN_INFINITE_RECURSION = YES;
				CLANG_WARN_INT_CONVERSION = YES;
				CLANG_WARN_NON_LITERAL_NULL_CONVERSION = YES;
				CLANG_WARN_OBJC_IMPLICIT_RETAIN_SELF = YES;
				CLANG_WARN_OBJC_LITERAL_CONVERSION = YES;
				CLANG_WARN_OBJC_ROOT_CLASS = YES_ERROR;
				CLANG_WARN_RANGE_LOOP_ANALYSIS = YES;
				CLANG_WARN_STRICT_PROTOTYPES = YES;
				CLANG_WARN_SUSPICIOUS_MOVE = YES;
				CLANG_WARN_UNGUARDED_AVAILABILITY = YES_AGGRESSIVE;
				CLANG_WARN_UNREACHABLE_CODE = YES;
				CLANG_WARN__DUPLICATE_METHOD_MATCH = YES;
				CODE_SIGN_IDENTITY = "iPhone Developer";
				COPY_PHASE_STRIP = NO;
				DEBUG_INFORMATION_FORMAT = "dwarf-with-dsym";
				ENABLE_NS_ASSERTIONS = NO;
				ENABLE_STRICT_OBJC_MSGSEND = YES;
				GCC_C_LANGUAGE_STANDARD = gnu11;
				GCC_NO_COMMON_BLOCKS = YES;
				GCC_WARN_64_TO_32_BIT_CONVERSION = YES;
				GCC_WARN_ABOUT_RETURN_TYPE = YES_ERROR;
				GCC_WARN_UNDECLARED_SELECTOR = YES;
				GCC_WARN_UNINITIALIZED_AUTOS = YES_AGGRESSIVE;
				GCC_WARN_UNUSED_FUNCTION = YES;
				GCC_WARN_UNUSED_VARIABLE = YES;
				IPHONEOS_DEPLOYMENT_TARGET = 12.2;
				MTL_ENABLE_DEBUG_INFO = NO;
				MTL_FAST_MATH = YES;
				SDKROOT = iphoneos;
				SWIFT_COMPILATION_MODE = wholemodule;
				SWIFT_OPTIMIZATION_LEVEL = "-O";
				VALIDATE_PRODUCT = YES;
			};
			name = Release;
		};
		7A59CF65227798B600EEEC9A /* Debug */ = {
			isa = XCBuildConfiguration;
			buildSettings = {
				ASSETCATALOG_COMPILER_APPICON_NAME = AppIcon;
				CODE_SIGN_STYLE = Automatic;
				DEVELOPMENT_TEAM = SPN62EY8SF;
				INFOPLIST_FILE = CoreDataDeleteOnReassignment/Info.plist;
				LD_RUNPATH_SEARCH_PATHS = (
					"$(inherited)",
					"@executable_path/Frameworks",
				);
				PRODUCT_BUNDLE_IDENTIFIER = org.sampleProject.CoreDataDeleteOnReassignment;
				PRODUCT_NAME = "$(TARGET_NAME)";
				SWIFT_VERSION = 5.0;
				TARGETED_DEVICE_FAMILY = "1,2";
			};
			name = Debug;
		};
		7A59CF66227798B600EEEC9A /* Release */ = {
			isa = XCBuildConfiguration;
			buildSettings = {
				ASSETCATALOG_COMPILER_APPICON_NAME = AppIcon;
				CODE_SIGN_STYLE = Automatic;
				DEVELOPMENT_TEAM = SPN62EY8SF;
				INFOPLIST_FILE = CoreDataDeleteOnReassignment/Info.plist;
				LD_RUNPATH_SEARCH_PATHS = (
					"$(inherited)",
					"@executable_path/Frameworks",
				);
				PRODUCT_BUNDLE_IDENTIFIER = org.sampleProject.CoreDataDeleteOnReassignment;
				PRODUCT_NAME = "$(TARGET_NAME)";
				SWIFT_VERSION = 5.0;
				TARGETED_DEVICE_FAMILY = "1,2";
			};
			name = Release;
		};
/* End XCBuildConfiguration section */

/* Begin XCConfigurationList section */
		7A59CF4A227798B400EEEC9A /* Build configuration list for PBXProject "CoreDataDeleteOnReassignment" */ = {
			isa = XCConfigurationList;
			buildConfigurations = (
				7A59CF62227798B600EEEC9A /* Debug */,
				7A59CF63227798B600EEEC9A /* Release */,
			);
			defaultConfigurationIsVisible = 0;
			defaultConfigurationName = Release;
		};
		7A59CF64227798B600EEEC9A /* Build configuration list for PBXNativeTarget "CoreDataDeleteOnReassignment" */ = {
			isa = XCConfigurationList;
			buildConfigurations = (
				7A59CF65227798B600EEEC9A /* Debug */,
				7A59CF66227798B600EEEC9A /* Release */,
			);
			defaultConfigurationIsVisible = 0;
			defaultConfigurationName = Release;
		};
/* End XCConfigurationList section */

/* Begin XCVersionGroup section */
		7A59CF59227798B400EEEC9A /* CoreDataDeleteOnReassignment.xcdatamodeld */ = {
			isa = XCVersionGroup;
			children = (
				7A59CF5A227798B400EEEC9A /* CoreDataDeleteOnReassignment.xcdatamodel */,
			);
			currentVersion = 7A59CF5A227798B400EEEC9A /* CoreDataDeleteOnReassignment.xcdatamodel */;
			path = CoreDataDeleteOnReassignment.xcdatamodeld;
			sourceTree = "<group>";
			versionGroupType = wrapper.xcdatamodel;
		};
/* End XCVersionGroup section */
	};
	rootObject = 7A59CF47227798B400EEEC9A /* Project object */;
}
